
Microsoft Visual Studio Solution File, Format Version 12.00
# Visual Studio 2013
VisualStudioVersion = 12.0.31101.0
MinimumVisualStudioVersion = 10.0.40219.1
Project("{CC5FD16D-436D-48AD-A40C-5A424C6E3E79}") = "AzureCloudService1", "AzureCloudService1\AzureCloudService1.ccproj", "{5AD3B477-C7EA-4F9D-8D8F-DD47CB83B2D2}"
EndProject
Project("{FAE04EC0-301F-11D3-BF4B-00C04F79EFBC}") = "WCFServiceWebRole1", "WCFServiceWebRole1\WCFServiceWebRole1.csproj", "{72BC7191-2EEA-426D-A188-A10264A56B12}"
EndProject
Global
	GlobalSection(SolutionConfigurationPlatforms) = preSolution
		Debug|Any CPU = Debug|Any CPU
		Release|Any CPU = Release|Any CPU
	EndGlobalSection
	GlobalSection(ProjectConfigurationPlatforms) = postSolution
		{5AD3B477-C7EA-4F9D-8D8F-DD47CB83B2D2}.Debug|Any CPU.ActiveCfg = Debug|Any CPU
		{5AD3B477-C7EA-4F9D-8D8F-DD47CB83B2D2}.Debug|Any CPU.Build.0 = Debug|Any CPU
		{5AD3B477-C7EA-4F9D-8D8F-DD47CB83B2D2}.Release|Any CPU.ActiveCfg = Release|Any CPU
		{5AD3B477-C7EA-4F9D-8D8F-DD47CB83B2D2}.Release|Any CPU.Build.0 = Release|Any CPU
		{72BC7191-2EEA-426D-A188-A10264A56B12}.Debug|Any CPU.ActiveCfg = Debug|Any CPU
		{72BC7191-2EEA-426D-A188-A10264A56B12}.Debug|Any CPU.Build.0 = Debug|Any CPU
		{72BC7191-2EEA-426D-A188-A10264A56B12}.Release|Any CPU.ActiveCfg = Release|Any CPU
		{72BC7191-2EEA-426D-A188-A10264A56B12}.Release|Any CPU.Build.0 = Release|Any CPU
	EndGlobalSection
	GlobalSection(SolutionProperties) = preSolution
		HideSolutionNode = FALSE
	EndGlobalSection
EndGlobal
